
Microsoft Visual Studio Solution File, Format Version 12.00
# Visual Studio Version 16
VisualStudioVersion = 25.0.1705.3
MinimumVisualStudioVersion = 10.0.40219.1
Project("{FAE04EC0-301F-11D3-BF4B-00C04F79EFBC}") = "Alumifix_Sis_adm", "Alumifix_Sis_adm\Alumifix_Sis_adm.csproj", "{36E1C51F-1A55-4882-B36F-1ED4C208DCD1}"
EndProject
Global
	GlobalSection(SolutionConfigurationPlatforms) = preSolution
		Debug|Any CPU = Debug|Any CPU
		Release|Any CPU = Release|Any CPU
	EndGlobalSection
	GlobalSection(ProjectConfigurationPlatforms) = postSolution
		{36E1C51F-1A55-4882-B36F-1ED4C208DCD1}.Debug|Any CPU.ActiveCfg = Debug|Any CPU
		{36E1C51F-1A55-4882-B36F-1ED4C208DCD1}.Debug|Any CPU.Build.0 = Debug|Any CPU
		{36E1C51F-1A55-4882-B36F-1ED4C208DCD1}.Release|Any CPU.ActiveCfg = Release|Any CPU
		{36E1C51F-1A55-4882-B36F-1ED4C208DCD1}.Release|Any CPU.Build.0 = Release|Any CPU
	EndGlobalSection
	GlobalSection(SolutionProperties) = preSolution
		HideSolutionNode = FALSE
	EndGlobalSection
	GlobalSection(ExtensibilityGlobals) = postSolution
		SolutionGuid = {023C90E3-4A1C-4A25-B07F-D98A1B907C14}
	EndGlobalSection
EndGlobal
